
Microsoft Visual Studio Solution File, Format Version 12.00
# Visual Studio Version 17
VisualStudioVersion = 17.12.35707.178
MinimumVisualStudioVersion = 10.0.40219.1
Project("{2150E333-8FDC-42A3-9474-1A3956D46DE8}") = "src", "src", "{25B15960-3746-4D66-B99F-EDAFD82FE500}"
EndProject
Project("{FAE04EC0-301F-11D3-BF4B-00C04F79EFBC}") = "IbmMQTestApp", "src\IbmMQTestApp\IbmMQTestApp.csproj", "{4E361244-FC4B-4A26-99C0-B432B3E09EBF}"
EndProject
Global
	GlobalSection(SolutionConfigurationPlatforms) = preSolution
		Debug|Any CPU = Debug|Any CPU
		Release|Any CPU = Release|Any CPU
	EndGlobalSection
	GlobalSection(ProjectConfigurationPlatforms) = postSolution
		{4E361244-FC4B-4A26-99C0-B432B3E09EBF}.Debug|Any CPU.ActiveCfg = Debug|Any CPU
		{4E361244-FC4B-4A26-99C0-B432B3E09EBF}.Debug|Any CPU.Build.0 = Debug|Any CPU
		{4E361244-FC4B-4A26-99C0-B432B3E09EBF}.Release|Any CPU.ActiveCfg = Release|Any CPU
		{4E361244-FC4B-4A26-99C0-B432B3E09EBF}.Release|Any CPU.Build.0 = Release|Any CPU
	EndGlobalSection
	GlobalSection(SolutionProperties) = preSolution
		HideSolutionNode = FALSE
	EndGlobalSection
	GlobalSection(NestedProjects) = preSolution
		{4E361244-FC4B-4A26-99C0-B432B3E09EBF} = {25B15960-3746-4D66-B99F-EDAFD82FE500}
	EndGlobalSection
EndGlobal
